
Microsoft Visual Studio Solution File, Format Version 12.00
# Visual Studio 14
VisualStudioVersion = 14.0.25420.1
MinimumVisualStudioVersion = 10.0.40219.1
Project("{FAE04EC0-301F-11D3-BF4B-00C04F79EFBC}") = "BusinessEntities", "BusinessEntities\BusinessEntities.csproj", "{38261BEB-3763-4EBD-9823-045B03E0074C}"
EndProject
Project("{FAE04EC0-301F-11D3-BF4B-00C04F79EFBC}") = "DataKernal", "DataKernal\DataKernal.csproj", "{FB5493F1-EFBC-4C8E-B903-02075C5653B6}"
EndProject
Project("{FAE04EC0-301F-11D3-BF4B-00C04F79EFBC}") = "LogicKernal", "LogicKernal\LogicKernal.csproj", "{ECF1D3B8-2C75-49F5-9ED8-4D0FF515738C}"
EndProject
Project("{FAE04EC0-301F-11D3-BF4B-00C04F79EFBC}") = "Laundry", "Laundry\Laundry.csproj", "{BA52DE64-A442-4A5D-82AF-880439F72841}"
EndProject
Global
	GlobalSection(SolutionConfigurationPlatforms) = preSolution
		Debug|Any CPU = Debug|Any CPU
		Release|Any CPU = Release|Any CPU
	EndGlobalSection
	GlobalSection(ProjectConfigurationPlatforms) = postSolution
		{38261BEB-3763-4EBD-9823-045B03E0074C}.Debug|Any CPU.ActiveCfg = Debug|Any CPU
		{38261BEB-3763-4EBD-9823-045B03E0074C}.Debug|Any CPU.Build.0 = Debug|Any CPU
		{38261BEB-3763-4EBD-9823-045B03E0074C}.Release|Any CPU.ActiveCfg = Release|Any CPU
		{38261BEB-3763-4EBD-9823-045B03E0074C}.Release|Any CPU.Build.0 = Release|Any CPU
		{FB5493F1-EFBC-4C8E-B903-02075C5653B6}.Debug|Any CPU.ActiveCfg = Debug|Any CPU
		{FB5493F1-EFBC-4C8E-B903-02075C5653B6}.Debug|Any CPU.Build.0 = Debug|Any CPU
		{FB5493F1-EFBC-4C8E-B903-02075C5653B6}.Release|Any CPU.ActiveCfg = Release|Any CPU
		{FB5493F1-EFBC-4C8E-B903-02075C5653B6}.Release|Any CPU.Build.0 = Release|Any CPU
		{ECF1D3B8-2C75-49F5-9ED8-4D0FF515738C}.Debug|Any CPU.ActiveCfg = Debug|Any CPU
		{ECF1D3B8-2C75-49F5-9ED8-4D0FF515738C}.Debug|Any CPU.Build.0 = Debug|Any CPU
		{ECF1D3B8-2C75-49F5-9ED8-4D0FF515738C}.Release|Any CPU.ActiveCfg = Release|Any CPU
		{ECF1D3B8-2C75-49F5-9ED8-4D0FF515738C}.Release|Any CPU.Build.0 = Release|Any CPU
		{BA52DE64-A442-4A5D-82AF-880439F72841}.Debug|Any CPU.ActiveCfg = Debug|Any CPU
		{BA52DE64-A442-4A5D-82AF-880439F72841}.Debug|Any CPU.Build.0 = Debug|Any CPU
		{BA52DE64-A442-4A5D-82AF-880439F72841}.Release|Any CPU.ActiveCfg = Release|Any CPU
		{BA52DE64-A442-4A5D-82AF-880439F72841}.Release|Any CPU.Build.0 = Release|Any CPU
	EndGlobalSection
	GlobalSection(SolutionProperties) = preSolution
		HideSolutionNode = FALSE
	EndGlobalSection
EndGlobal
